{
	"requires": true,
	"lockfileVersion": 1,
	"dependencies": {
		"native-sdk": {
			"version": "1.3.1",
			"resolved": "http://npm.heywoods.cn/native-sdk/-/native-sdk-1.3.1.tgz",
			"integrity": "sha512-htjrrvM7MjixQaf7i0LEgdkzDPLqTqbfzLyOUdfsNWZ8gn4NcZXEeI0iGV7MSfPYFMcsuufAgV1MhfUnEb5pRg=="
		}
	}
}
